Microsoft Visual Studio Solution File, Format Version 12.00
# Visual Studio Version 17
VisualStudioVersion = 17.5.2.0
MinimumVisualStudioVersion = 10.0.40219.1
Project("{FAE04EC0-301F-11D3-BF4B-00C04F79EFBC}") = "TeeTimes", "TeeTimes.csproj", "{10C734C1-2695-238C-FF01-7ECE13054AEC}"
EndProject
Global
	GlobalSection(SolutionConfigurationPlatforms) = preSolution
		Debug|Any CPU = Debug|Any CPU
		Release|Any CPU = Release|Any CPU
	EndGlobalSection
	GlobalSection(ProjectConfigurationPlatforms) = postSolution
		{10C734C1-2695-238C-FF01-7ECE13054AEC}.Debug|Any CPU.ActiveCfg = Debug|Any CPU
		{10C734C1-2695-238C-FF01-7ECE13054AEC}.Debug|Any CPU.Build.0 = Debug|Any CPU
		{10C734C1-2695-238C-FF01-7ECE13054AEC}.Release|Any CPU.ActiveCfg = Release|Any CPU
		{10C734C1-2695-238C-FF01-7ECE13054AEC}.Release|Any CPU.Build.0 = Release|Any CPU
	EndGlobalSection
	GlobalSection(SolutionProperties) = preSolution
		HideSolutionNode = FALSE
	EndGlobalSection
	GlobalSection(ExtensibilityGlobals) = postSolution
		SolutionGuid = {FE5F2D71-523F-4589-A1D4-0AF649BFBE28}
	EndGlobalSection
EndGlobal
